{
  "version": 4,
  "terraform_version": "1.13.3",
  "serial": 1,
  "lineage": "0fc2da7c-17da-038d-9e36-d6446871fefb",
  "outputs": {
    "repo_name": {
      "value": "lab6-example-terraform-repo",
      "type": "string"
    }
  },
  "resources": [
    {
      "mode": "managed",
      "type": "github_repository",
      "name": "demo_repo",
      "provider": "provider[\"registry.terraform.io/hashicorp/github\"]",
      "instances": [
        {
          "schema_version": 1,
          "attributes": {
            "allow_auto_merge": false,
            "allow_merge_commit": true,
            "allow_rebase_merge": true,
            "allow_squash_merge": true,
            "allow_update_branch": false,
            "archive_on_destroy": null,
            "archived": false,
            "auto_init": null,
            "default_branch": "angela",
            "delete_branch_on_merge": false,
            "description": "My first repo created with terraform",
            "etag": "W/\"6a9956c9fa8383b012c5c88c05424b0805e2dafe3ecda008b206bd952d6b6035\"",
            "full_name": "TAFESHAUN/lab6-example-terraform-repo",
            "git_clone_url": "git://github.com/TAFESHAUN/lab6-example-terraform-repo.git",
            "gitignore_template": null,
            "has_discussions": false,
            "has_downloads": false,
            "has_issues": false,
            "has_projects": false,
            "has_wiki": false,
            "homepage_url": "",
            "html_url": "https://github.com/TAFESHAUN/lab6-example-terraform-repo",
            "http_clone_url": "https://github.com/TAFESHAUN/lab6-example-terraform-repo.git",
            "id": "lab6-example-terraform-repo",
            "ignore_vulnerability_alerts_during_read": null,
            "is_template": false,
            "license_template": null,
            "merge_commit_message": "PR_TITLE",
            "merge_commit_title": "MERGE_MESSAGE",
            "name": "lab6-example-terraform-repo",
            "node_id": "R_kgDOP_p0uQ",
            "pages": [],
            "primary_language": "",
            "private": false,
            "repo_id": 1073378489,
            "security_and_analysis": [
              {
                "advanced_security": [],
                "secret_scanning": [
                  {
                    "status": "enabled"
                  }
                ],
                "secret_scanning_push_protection": [
                  {
                    "status": "enabled"
                  }
                ]
              }
            ],
            "squash_merge_commit_message": "COMMIT_MESSAGES",
            "squash_merge_commit_title": "COMMIT_OR_PR_TITLE",
            "ssh_clone_url": "git@github.com:TAFESHAUN/lab6-example-terraform-repo.git",
            "svn_url": "https://github.com/TAFESHAUN/lab6-example-terraform-repo",
            "template": [],
            "topics": [],
            "visibility": "public",
            "vulnerability_alerts": false,
            "web_commit_signoff_required": false
          },
          "sensitive_attributes": [],
          "identity_schema_version": 0,
          "private": "eyJzY2hlbWFfdmVyc2lvbiI6IjEifQ=="
        }
      ]
    }
  ],
  "check_results": null
}
